{
    "_readme": [
        "This file locks the dependencies of your project to a known state",
        "Read more about it at https://getcomposer.org/doc/01-basic-usage.md#installing-dependencies",
        "This file is @generated automatically"
    ],
    "content-hash": "2c33176e2f7c4a9ca118a8bb8ec3e4f2",
    "packages": [
        {
            "name": "php-curl-class/php-curl-class",
            "version": "8.6.0",
            "source": {
                "type": "git",
                "url": "https://github.com/php-curl-class/php-curl-class.git",
                "reference": "73bf10e2652ad2261cbab7fbf242b76f0e7ee359"
            },
            "dist": {
                "type": "zip",
                "url": "https://api.github.com/repos/php-curl-class/php-curl-class/zipball/73bf10e2652ad2261cbab7fbf242b76f0e7ee359",
                "reference": "73bf10e2652ad2261cbab7fbf242b76f0e7ee359",
                "shasum": "",
                "mirrors": [
                    {
                        "url": "https://mirrors.aliyun.com/composer/dists/%package%/%reference%.%type%",
                        "preferred": true
                    }
                ]
            },
            "require": {
                "ext-curl": "*",
                "php": ">=5.3"
            },
            "require-dev": {
                "ext-gd": "*",
                "phpunit/phpunit": "*",
                "squizlabs/php_codesniffer": "*"
            },
            "suggest": {
                "ext-mbstring": "*"
            },
            "type": "library",
            "autoload": {
                "psr-4": {
                    "Curl\\": "src/Curl/"
                }
            },
            "notification-url": "https://packagist.org/downloads/",
            "license": [
                "Unlicense"
            ],
            "authors": [
                {
                    "name": "Zach Borboa"
                }
            ],
            "description": "PHP Curl Class makes it easy to send HTTP requests and integrate with web APIs.",
            "homepage": "https://github.com/php-curl-class/php-curl-class",
            "keywords": [
                "API-Client",
                "api",
                "class",
                "client",
                "curl",
                "framework",
                "http",
                "http-client",
                "http-proxy",
                "json",
                "php",
                "php-curl",
                "php-curl-library",
                "proxy",
                "requests",
                "restful",
                "web-scraper",
                "web-scraping ",
                "web-service",
                "xml"
            ],
            "time": "2019-05-12T08:22:01+00:00"
        },
        {
            "name": "qcloudsms/qcloudsms_php",
            "version": "v0.1.4",
            "source": {
                "type": "git",
                "url": "https://github.com/qcloudsms/qcloudsms_php.git",
                "reference": "48822045772d343b93c3d505d8a187cd51153c5a"
            },
            "dist": {
                "type": "zip",
                "url": "https://api.github.com/repos/qcloudsms/qcloudsms_php/zipball/48822045772d343b93c3d505d8a187cd51153c5a",
                "reference": "48822045772d343b93c3d505d8a187cd51153c5a",
                "shasum": "",
                "mirrors": [
                    {
                        "url": "https://mirrors.aliyun.com/composer/dists/%package%/%reference%.%type%",
                        "preferred": true
                    }
                ]
            },
            "require-dev": {
                "sami/sami": "dev-master"
            },
            "type": "library",
            "autoload": {
                "psr-4": {
                    "Qcloud\\Sms\\": "src/"
                }
            },
            "notification-url": "https://packagist.org/downloads/",
            "license": [
                "MIT"
            ],
            "description": "qcloud sms php sdk",
            "keywords": [
                "php",
                "qcloud",
                "sdk",
                "sms"
            ],
            "time": "2018-09-19T07:19:17+00:00"
        }
    ],
    "packages-dev": [],
    "aliases": [],
    "minimum-stability": "stable",
    "stability-flags": [],
    "prefer-stable": false,
    "prefer-lowest": false,
    "platform": {
        "php": ">=7.1.19"
    },
    "platform-dev": []
}
